
Microsoft Visual Studio Solution File, Format Version 12.00
# Visual Studio Version 17
VisualStudioVersion = 17.4.33213.308
MinimumVisualStudioVersion = 10.0.40219.1
Project("{FAE04EC0-301F-11D3-BF4B-00C04F79EFBC}") = "Corporate_University", "Corporate_University\Corporate_University.csproj", "{ADC4D343-3A6A-4D63-9B6D-35E8AB308049}"
EndProject
Project("{FAE04EC0-301F-11D3-BF4B-00C04F79EFBC}") = "ConsoleApp_participants", "ConsoleApp_participants\ConsoleApp_participants.csproj", "{C8E27DB4-0C14-42B9-9298-AA79BF7AE731}"
EndProject
Global
	GlobalSection(SolutionConfigurationPlatforms) = preSolution
		Debug|Any CPU = Debug|Any CPU
		Release|Any CPU = Release|Any CPU
	EndGlobalSection
	GlobalSection(ProjectConfigurationPlatforms) = postSolution
		{ADC4D343-3A6A-4D63-9B6D-35E8AB308049}.Debug|Any CPU.ActiveCfg = Debug|Any CPU
		{ADC4D343-3A6A-4D63-9B6D-35E8AB308049}.Debug|Any CPU.Build.0 = Debug|Any CPU
		{ADC4D343-3A6A-4D63-9B6D-35E8AB308049}.Release|Any CPU.ActiveCfg = Release|Any CPU
		{ADC4D343-3A6A-4D63-9B6D-35E8AB308049}.Release|Any CPU.Build.0 = Release|Any CPU
		{C8E27DB4-0C14-42B9-9298-AA79BF7AE731}.Debug|Any CPU.ActiveCfg = Debug|Any CPU
		{C8E27DB4-0C14-42B9-9298-AA79BF7AE731}.Debug|Any CPU.Build.0 = Debug|Any CPU
		{C8E27DB4-0C14-42B9-9298-AA79BF7AE731}.Release|Any CPU.ActiveCfg = Release|Any CPU
		{C8E27DB4-0C14-42B9-9298-AA79BF7AE731}.Release|Any CPU.Build.0 = Release|Any CPU
	EndGlobalSection
	GlobalSection(SolutionProperties) = preSolution
		HideSolutionNode = FALSE
	EndGlobalSection
	GlobalSection(ExtensibilityGlobals) = postSolution
		SolutionGuid = {26042292-0DB6-43B2-8CEB-5195AC79FB88}
	EndGlobalSection
EndGlobal
